
Microsoft Visual Studio Solution File, Format Version 12.00
# Visual Studio 15
VisualStudioVersion = 15.0.27004.2005
MinimumVisualStudioVersion = 15.0.26124.0
Project("{9A19103F-16F7-4668-BE54-9A1E7A4F7556}") = "Account.Api", "src\services\account\Account.Api\Account.Api.csproj", "{DDBD5538-44A3-484D-8483-D4C8BDC1B2A0}"
EndProject
Project("{9A19103F-16F7-4668-BE54-9A1E7A4F7556}") = "Account.Core", "src\services\account\Account.Core\Account.Core.csproj", "{8ED0BBA1-8059-4200-9511-BB6F76A7468B}"
EndProject
Project("{9A19103F-16F7-4668-BE54-9A1E7A4F7556}") = "Account.Data", "src\services\account\Account.Data\Account.Data.csproj", "{33AB299F-150F-41FF-A204-09BCEF7806DE}"
EndProject
Project("{2150E333-8FDC-42A3-9474-1A3956D46DE8}") = "src", "src", "{1D333CB5-6A38-4EFC-83C5-68EE16A0E710}"
EndProject
Project("{2150E333-8FDC-42A3-9474-1A3956D46DE8}") = "services", "services", "{651C10DE-1D98-4954-9EDC-0324E727071D}"
EndProject
Project("{2150E333-8FDC-42A3-9474-1A3956D46DE8}") = "account", "account", "{3A0D47BE-9A96-4267-B9F9-93C51842B06F}"
EndProject
Project("{2150E333-8FDC-42A3-9474-1A3956D46DE8}") = "customer", "customer", "{685A6ECF-EE73-4CC9-AE18-F405F33FDAFF}"
EndProject
Project("{2150E333-8FDC-42A3-9474-1A3956D46DE8}") = "docker", "docker", "{9FE587CB-08AF-4AB7-B13B-024905A2AEF8}"
EndProject
Project("{2150E333-8FDC-42A3-9474-1A3956D46DE8}") = "servicefabric", "servicefabric", "{763EE092-78CD-4E24-B64E-E48BBDA42B91}"
EndProject
Project("{2150E333-8FDC-42A3-9474-1A3956D46DE8}") = "k8s", "k8s", "{CA38FE0D-E5F3-4B65-8644-061A9724653C}"
EndProject
Project("{2150E333-8FDC-42A3-9474-1A3956D46DE8}") = "clients", "clients", "{B1761525-F06F-43D3-B61E-3A6AA760B95D}"
EndProject
Project("{2150E333-8FDC-42A3-9474-1A3956D46DE8}") = "_solution items", "_solution items", "{A83F10A8-0014-4138-911C-FA4CE4265114}"
	ProjectSection(SolutionItems) = preProject
		.dockerignore = .dockerignore
		.gitignore = .gitignore
	EndProjectSection
EndProject
Project("{2150E333-8FDC-42A3-9474-1A3956D46DE8}") = "shared", "shared", "{802881EA-8FFE-4E90-AA9F-0C77B35E6CB9}"
EndProject
Project("{9A19103F-16F7-4668-BE54-9A1E7A4F7556}") = "Domain", "src\common\Domain\Domain.csproj", "{4792916E-0DFF-43D2-A2D5-8E7A9FD4F8FE}"
EndProject
Project("{9A19103F-16F7-4668-BE54-9A1E7A4F7556}") = "Account.UnitTests", "src\services\account\Account.UnitTests\Account.UnitTests.csproj", "{D3DC6267-5895-4A8F-8EF3-08E1CB02CF98}"
EndProject
Project("{9A19103F-16F7-4668-BE54-9A1E7A4F7556}") = "MongoEventStore", "src\common\MongoEventStore\MongoEventStore.csproj", "{BB133D47-0BE1-4BB8-BE25-FE02F0C8358F}"
EndProject
Project("{9A19103F-16F7-4668-BE54-9A1E7A4F7556}") = "DomainTests", "src\common\DomainTests\DomainTests.csproj", "{A132C09A-8D1C-42FD-843F-A26BBC3D3055}"
EndProject
Project("{9A19103F-16F7-4668-BE54-9A1E7A4F7556}") = "Account.Application", "src\services\account\Account.Application\Account.Application.csproj", "{685634C9-7F2C-45A3-9F10-3788FE885935}"
EndProject
Global
	GlobalSection(SolutionConfigurationPlatforms) = preSolution
		Debug|Any CPU = Debug|Any CPU
		Release|Any CPU = Release|Any CPU
	EndGlobalSection
	GlobalSection(ProjectConfigurationPlatforms) = postSolution
		{DDBD5538-44A3-484D-8483-D4C8BDC1B2A0}.Debug|Any CPU.ActiveCfg = Debug|Any CPU
		{DDBD5538-44A3-484D-8483-D4C8BDC1B2A0}.Debug|Any CPU.Build.0 = Debug|Any CPU
		{DDBD5538-44A3-484D-8483-D4C8BDC1B2A0}.Release|Any CPU.ActiveCfg = Release|Any CPU
		{DDBD5538-44A3-484D-8483-D4C8BDC1B2A0}.Release|Any CPU.Build.0 = Release|Any CPU
		{8ED0BBA1-8059-4200-9511-BB6F76A7468B}.Debug|Any CPU.ActiveCfg = Debug|Any CPU
		{8ED0BBA1-8059-4200-9511-BB6F76A7468B}.Debug|Any CPU.Build.0 = Debug|Any CPU
		{8ED0BBA1-8059-4200-9511-BB6F76A7468B}.Release|Any CPU.ActiveCfg = Release|Any CPU
		{8ED0BBA1-8059-4200-9511-BB6F76A7468B}.Release|Any CPU.Build.0 = Release|Any CPU
		{33AB299F-150F-41FF-A204-09BCEF7806DE}.Debug|Any CPU.ActiveCfg = Debug|Any CPU
		{33AB299F-150F-41FF-A204-09BCEF7806DE}.Debug|Any CPU.Build.0 = Debug|Any CPU
		{33AB299F-150F-41FF-A204-09BCEF7806DE}.Release|Any CPU.ActiveCfg = Release|Any CPU
		{33AB299F-150F-41FF-A204-09BCEF7806DE}.Release|Any CPU.Build.0 = Release|Any CPU
		{4792916E-0DFF-43D2-A2D5-8E7A9FD4F8FE}.Debug|Any CPU.ActiveCfg = Debug|Any CPU
		{4792916E-0DFF-43D2-A2D5-8E7A9FD4F8FE}.Debug|Any CPU.Build.0 = Debug|Any CPU
		{4792916E-0DFF-43D2-A2D5-8E7A9FD4F8FE}.Release|Any CPU.ActiveCfg = Release|Any CPU
		{4792916E-0DFF-43D2-A2D5-8E7A9FD4F8FE}.Release|Any CPU.Build.0 = Release|Any CPU
		{D3DC6267-5895-4A8F-8EF3-08E1CB02CF98}.Debug|Any CPU.ActiveCfg = Debug|Any CPU
		{D3DC6267-5895-4A8F-8EF3-08E1CB02CF98}.Debug|Any CPU.Build.0 = Debug|Any CPU
		{D3DC6267-5895-4A8F-8EF3-08E1CB02CF98}.Release|Any CPU.ActiveCfg = Release|Any CPU
		{D3DC6267-5895-4A8F-8EF3-08E1CB02CF98}.Release|Any CPU.Build.0 = Release|Any CPU
		{BB133D47-0BE1-4BB8-BE25-FE02F0C8358F}.Debug|Any CPU.ActiveCfg = Debug|Any CPU
		{BB133D47-0BE1-4BB8-BE25-FE02F0C8358F}.Debug|Any CPU.Build.0 = Debug|Any CPU
		{BB133D47-0BE1-4BB8-BE25-FE02F0C8358F}.Release|Any CPU.ActiveCfg = Release|Any CPU
		{BB133D47-0BE1-4BB8-BE25-FE02F0C8358F}.Release|Any CPU.Build.0 = Release|Any CPU
		{A132C09A-8D1C-42FD-843F-A26BBC3D3055}.Debug|Any CPU.ActiveCfg = Debug|Any CPU
		{A132C09A-8D1C-42FD-843F-A26BBC3D3055}.Debug|Any CPU.Build.0 = Debug|Any CPU
		{A132C09A-8D1C-42FD-843F-A26BBC3D3055}.Release|Any CPU.ActiveCfg = Release|Any CPU
		{A132C09A-8D1C-42FD-843F-A26BBC3D3055}.Release|Any CPU.Build.0 = Release|Any CPU
		{685634C9-7F2C-45A3-9F10-3788FE885935}.Debug|Any CPU.ActiveCfg = Debug|Any CPU
		{685634C9-7F2C-45A3-9F10-3788FE885935}.Debug|Any CPU.Build.0 = Debug|Any CPU
		{685634C9-7F2C-45A3-9F10-3788FE885935}.Release|Any CPU.ActiveCfg = Release|Any CPU
		{685634C9-7F2C-45A3-9F10-3788FE885935}.Release|Any CPU.Build.0 = Release|Any CPU
	EndGlobalSection
	GlobalSection(SolutionProperties) = preSolution
		HideSolutionNode = FALSE
	EndGlobalSection
	GlobalSection(NestedProjects) = preSolution
		{DDBD5538-44A3-484D-8483-D4C8BDC1B2A0} = {3A0D47BE-9A96-4267-B9F9-93C51842B06F}
		{8ED0BBA1-8059-4200-9511-BB6F76A7468B} = {3A0D47BE-9A96-4267-B9F9-93C51842B06F}
		{33AB299F-150F-41FF-A204-09BCEF7806DE} = {3A0D47BE-9A96-4267-B9F9-93C51842B06F}
		{651C10DE-1D98-4954-9EDC-0324E727071D} = {1D333CB5-6A38-4EFC-83C5-68EE16A0E710}
		{3A0D47BE-9A96-4267-B9F9-93C51842B06F} = {651C10DE-1D98-4954-9EDC-0324E727071D}
		{685A6ECF-EE73-4CC9-AE18-F405F33FDAFF} = {651C10DE-1D98-4954-9EDC-0324E727071D}
		{B1761525-F06F-43D3-B61E-3A6AA760B95D} = {1D333CB5-6A38-4EFC-83C5-68EE16A0E710}
		{802881EA-8FFE-4E90-AA9F-0C77B35E6CB9} = {1D333CB5-6A38-4EFC-83C5-68EE16A0E710}
		{4792916E-0DFF-43D2-A2D5-8E7A9FD4F8FE} = {802881EA-8FFE-4E90-AA9F-0C77B35E6CB9}
		{D3DC6267-5895-4A8F-8EF3-08E1CB02CF98} = {3A0D47BE-9A96-4267-B9F9-93C51842B06F}
		{BB133D47-0BE1-4BB8-BE25-FE02F0C8358F} = {802881EA-8FFE-4E90-AA9F-0C77B35E6CB9}
		{A132C09A-8D1C-42FD-843F-A26BBC3D3055} = {802881EA-8FFE-4E90-AA9F-0C77B35E6CB9}
		{685634C9-7F2C-45A3-9F10-3788FE885935} = {3A0D47BE-9A96-4267-B9F9-93C51842B06F}
	EndGlobalSection
	GlobalSection(ExtensibilityGlobals) = postSolution
		SolutionGuid = {DA1CCAB7-CB0A-4B98-AEC7-EAF1C3506673}
	EndGlobalSection
EndGlobal
