
Microsoft Visual Studio Solution File, Format Version 12.00
# Visual Studio 15
VisualStudioVersion = 15.0.27004.2005
MinimumVisualStudioVersion = 15.0.26124.0
Project("{9A19103F-16F7-4668-BE54-9A1E7A4F7556}") = "Account.Api", "src\services\account\Account.Api\Account.Api.csproj", "{DDBD5538-44A3-484D-8483-D4C8BDC1B2A0}"
EndProject
Project("{9A19103F-16F7-4668-BE54-9A1E7A4F7556}") = "Account.Core", "src\services\account\Account.Core\Account.Core.csproj", "{8ED0BBA1-8059-4200-9511-BB6F76A7468B}"
EndProject
Project("{2150E333-8FDC-42A3-9474-1A3956D46DE8}") = "src", "src", "{1D333CB5-6A38-4EFC-83C5-68EE16A0E710}"
EndProject
Project("{2150E333-8FDC-42A3-9474-1A3956D46DE8}") = "services", "services", "{651C10DE-1D98-4954-9EDC-0324E727071D}"
EndProject
Project("{2150E333-8FDC-42A3-9474-1A3956D46DE8}") = "account", "account", "{3A0D47BE-9A96-4267-B9F9-93C51842B06F}"
EndProject
Project("{2150E333-8FDC-42A3-9474-1A3956D46DE8}") = "customer", "customer", "{685A6ECF-EE73-4CC9-AE18-F405F33FDAFF}"
EndProject
Project("{2150E333-8FDC-42A3-9474-1A3956D46DE8}") = "docker", "docker", "{9FE587CB-08AF-4AB7-B13B-024905A2AEF8}"
EndProject
Project("{2150E333-8FDC-42A3-9474-1A3956D46DE8}") = "servicefabric", "servicefabric", "{763EE092-78CD-4E24-B64E-E48BBDA42B91}"
EndProject
Project("{2150E333-8FDC-42A3-9474-1A3956D46DE8}") = "k8s", "k8s", "{CA38FE0D-E5F3-4B65-8644-061A9724653C}"
EndProject
Project("{2150E333-8FDC-42A3-9474-1A3956D46DE8}") = "clients", "clients", "{B1761525-F06F-43D3-B61E-3A6AA760B95D}"
EndProject
Project("{2150E333-8FDC-42A3-9474-1A3956D46DE8}") = "_solution items", "_solution items", "{A83F10A8-0014-4138-911C-FA4CE4265114}"
	ProjectSection(SolutionItems) = preProject
		.dockerignore = .dockerignore
		.gitignore = .gitignore
	EndProjectSection
EndProject
Project("{2150E333-8FDC-42A3-9474-1A3956D46DE8}") = "shared", "shared", "{802881EA-8FFE-4E90-AA9F-0C77B35E6CB9}"
EndProject
Project("{9A19103F-16F7-4668-BE54-9A1E7A4F7556}") = "Domain", "src\shared\Domain\Domain.csproj", "{4792916E-0DFF-43D2-A2D5-8E7A9FD4F8FE}"
EndProject
Project("{9A19103F-16F7-4668-BE54-9A1E7A4F7556}") = "Account.UnitTests", "src\services\account\Account.UnitTests\Account.UnitTests.csproj", "{D3DC6267-5895-4A8F-8EF3-08E1CB02CF98}"
EndProject
Project("{9A19103F-16F7-4668-BE54-9A1E7A4F7556}") = "DomainTests", "src\shared\DomainTests\DomainTests.csproj", "{A132C09A-8D1C-42FD-843F-A26BBC3D3055}"
EndProject
Project("{9A19103F-16F7-4668-BE54-9A1E7A4F7556}") = "Account.Application", "src\services\account\Account.Application\Account.Application.csproj", "{685634C9-7F2C-45A3-9F10-3788FE885935}"
EndProject
Project("{9A19103F-16F7-4668-BE54-9A1E7A4F7556}") = "Customer.Api", "src\services\customer\Customer.Api\Customer.Api.csproj", "{6C124076-C552-4FB4-A3DA-0703F08C97EF}"
EndProject
Project("{9A19103F-16F7-4668-BE54-9A1E7A4F7556}") = "Customer.Core", "src\services\customer\Customer.Core\Customer.Core.csproj", "{93D2813B-B8B5-4A8B-886D-82807EED80DA}"
EndProject
Project("{9A19103F-16F7-4668-BE54-9A1E7A4F7556}") = "Customer.Data", "src\services\customer\Customer.Data\Customer.Data.csproj", "{750FBCEE-F542-4677-B87A-BD085ABA67BA}"
EndProject
Project("{9A19103F-16F7-4668-BE54-9A1E7A4F7556}") = "Customer.UnitTests", "src\services\customer\Customer.UnitTests\Customer.UnitTests.csproj", "{20D9378A-28F5-4CB5-8D35-19F097CB02FD}"
EndProject
Project("{9A19103F-16F7-4668-BE54-9A1E7A4F7556}") = "Customer.Application", "src\services\customer\Customer.Application\Customer.Application.csproj", "{68D74F5D-FAD4-4287-9C96-A55A82BD1C67}"
EndProject
Project("{9A19103F-16F7-4668-BE54-9A1E7A4F7556}") = "Account.Proxies", "src\services\account\Account.Proxies\Account.Proxies.csproj", "{FB899234-F87B-4C77-B2D5-A13102CF4520}"
EndProject
Project("{2150E333-8FDC-42A3-9474-1A3956D46DE8}") = "account-view", "account-view", "{BD96B0CD-2043-416D-9782-C53F6E0EEAAF}"
EndProject
Project("{9A19103F-16F7-4668-BE54-9A1E7A4F7556}") = "AccountView.Api", "src\services\account-view\AccountView.Api\AccountView.Api.csproj", "{F7E0A581-5C11-4879-BC3E-A646073B2B19}"
EndProject
Project("{9A19103F-16F7-4668-BE54-9A1E7A4F7556}") = "AccountView.Data", "src\services\account-view\AccountView.Data\AccountView.Data.csproj", "{E7223D49-3DC1-47CB-89C6-A24AC24B7B78}"
EndProject
Project("{9A19103F-16F7-4668-BE54-9A1E7A4F7556}") = "AccountView.Listener", "src\services\account-view\AccountView.Listener\AccountView.Listener.csproj", "{61C74520-942A-44F9-9E26-8D67C26A71FA}"
EndProject
Project("{9A19103F-16F7-4668-BE54-9A1E7A4F7556}") = "Logging", "src\shared\Logging\Logging.csproj", "{BA2E5D8D-2741-40F3-A30A-EECE288E209F}"
EndProject
Project("{9A19103F-16F7-4668-BE54-9A1E7A4F7556}") = "Account.Data", "src\services\account\Account.Data\Account.Data.csproj", "{694E62E5-93C1-4B72-A376-08B070BCD49C}"
EndProject
Project("{9A19103F-16F7-4668-BE54-9A1E7A4F7556}") = "EventListener", "src\shared\EventListener\EventListener.csproj", "{2D8EC4E5-4359-4B61-A149-903DC10DE308}"
EndProject
Project("{9A19103F-16F7-4668-BE54-9A1E7A4F7556}") = "AccountListener", "src\services\account\AccountListener\AccountListener.csproj", "{BACC25C9-5D92-43A6-A482-DC9AF20F3802}"
EndProject
Project("{9A19103F-16F7-4668-BE54-9A1E7A4F7556}") = "MongoEventStorePublisher", "src\shared\MongoEventStorePublisher\MongoEventStorePublisher.csproj", "{A79B3956-D842-4523-8C80-9EA780B4F93F}"
EndProject
Project("{9A19103F-16F7-4668-BE54-9A1E7A4F7556}") = "MongoEventStore", "src\shared\MongoEventStore\MongoEventStore.csproj", "{5D0F23B5-7142-4B1E-9E48-3BB9168A099B}"
EndProject
Project("{2150E333-8FDC-42A3-9474-1A3956D46DE8}") = "identity", "identity", "{EC5A3A26-3C8E-4076-BBCC-A7D6B76B5BE0}"
EndProject
Project("{FAE04EC0-301F-11D3-BF4B-00C04F79EFBC}") = "Identity.Api", "src\services\identity\Identity.Api\Identity.Api.csproj", "{6431710F-0A4C-4F7E-840B-92C1B7570CB7}"
EndProject
Global
	GlobalSection(SolutionConfigurationPlatforms) = preSolution
		Debug|Any CPU = Debug|Any CPU
		Release|Any CPU = Release|Any CPU
	EndGlobalSection
	GlobalSection(ProjectConfigurationPlatforms) = postSolution
		{DDBD5538-44A3-484D-8483-D4C8BDC1B2A0}.Debug|Any CPU.ActiveCfg = Debug|Any CPU
		{DDBD5538-44A3-484D-8483-D4C8BDC1B2A0}.Debug|Any CPU.Build.0 = Debug|Any CPU
		{DDBD5538-44A3-484D-8483-D4C8BDC1B2A0}.Release|Any CPU.ActiveCfg = Release|Any CPU
		{DDBD5538-44A3-484D-8483-D4C8BDC1B2A0}.Release|Any CPU.Build.0 = Release|Any CPU
		{8ED0BBA1-8059-4200-9511-BB6F76A7468B}.Debug|Any CPU.ActiveCfg = Debug|Any CPU
		{8ED0BBA1-8059-4200-9511-BB6F76A7468B}.Debug|Any CPU.Build.0 = Debug|Any CPU
		{8ED0BBA1-8059-4200-9511-BB6F76A7468B}.Release|Any CPU.ActiveCfg = Release|Any CPU
		{8ED0BBA1-8059-4200-9511-BB6F76A7468B}.Release|Any CPU.Build.0 = Release|Any CPU
		{4792916E-0DFF-43D2-A2D5-8E7A9FD4F8FE}.Debug|Any CPU.ActiveCfg = Debug|Any CPU
		{4792916E-0DFF-43D2-A2D5-8E7A9FD4F8FE}.Debug|Any CPU.Build.0 = Debug|Any CPU
		{4792916E-0DFF-43D2-A2D5-8E7A9FD4F8FE}.Release|Any CPU.ActiveCfg = Release|Any CPU
		{4792916E-0DFF-43D2-A2D5-8E7A9FD4F8FE}.Release|Any CPU.Build.0 = Release|Any CPU
		{D3DC6267-5895-4A8F-8EF3-08E1CB02CF98}.Debug|Any CPU.ActiveCfg = Debug|Any CPU
		{D3DC6267-5895-4A8F-8EF3-08E1CB02CF98}.Debug|Any CPU.Build.0 = Debug|Any CPU
		{D3DC6267-5895-4A8F-8EF3-08E1CB02CF98}.Release|Any CPU.ActiveCfg = Release|Any CPU
		{D3DC6267-5895-4A8F-8EF3-08E1CB02CF98}.Release|Any CPU.Build.0 = Release|Any CPU
		{A132C09A-8D1C-42FD-843F-A26BBC3D3055}.Debug|Any CPU.ActiveCfg = Debug|Any CPU
		{A132C09A-8D1C-42FD-843F-A26BBC3D3055}.Debug|Any CPU.Build.0 = Debug|Any CPU
		{A132C09A-8D1C-42FD-843F-A26BBC3D3055}.Release|Any CPU.ActiveCfg = Release|Any CPU
		{A132C09A-8D1C-42FD-843F-A26BBC3D3055}.Release|Any CPU.Build.0 = Release|Any CPU
		{685634C9-7F2C-45A3-9F10-3788FE885935}.Debug|Any CPU.ActiveCfg = Debug|Any CPU
		{685634C9-7F2C-45A3-9F10-3788FE885935}.Debug|Any CPU.Build.0 = Debug|Any CPU
		{685634C9-7F2C-45A3-9F10-3788FE885935}.Release|Any CPU.ActiveCfg = Release|Any CPU
		{685634C9-7F2C-45A3-9F10-3788FE885935}.Release|Any CPU.Build.0 = Release|Any CPU
		{6C124076-C552-4FB4-A3DA-0703F08C97EF}.Debug|Any CPU.ActiveCfg = Debug|Any CPU
		{6C124076-C552-4FB4-A3DA-0703F08C97EF}.Debug|Any CPU.Build.0 = Debug|Any CPU
		{6C124076-C552-4FB4-A3DA-0703F08C97EF}.Release|Any CPU.ActiveCfg = Release|Any CPU
		{6C124076-C552-4FB4-A3DA-0703F08C97EF}.Release|Any CPU.Build.0 = Release|Any CPU
		{93D2813B-B8B5-4A8B-886D-82807EED80DA}.Debug|Any CPU.ActiveCfg = Debug|Any CPU
		{93D2813B-B8B5-4A8B-886D-82807EED80DA}.Debug|Any CPU.Build.0 = Debug|Any CPU
		{93D2813B-B8B5-4A8B-886D-82807EED80DA}.Release|Any CPU.ActiveCfg = Release|Any CPU
		{93D2813B-B8B5-4A8B-886D-82807EED80DA}.Release|Any CPU.Build.0 = Release|Any CPU
		{750FBCEE-F542-4677-B87A-BD085ABA67BA}.Debug|Any CPU.ActiveCfg = Debug|Any CPU
		{750FBCEE-F542-4677-B87A-BD085ABA67BA}.Debug|Any CPU.Build.0 = Debug|Any CPU
		{750FBCEE-F542-4677-B87A-BD085ABA67BA}.Release|Any CPU.ActiveCfg = Release|Any CPU
		{750FBCEE-F542-4677-B87A-BD085ABA67BA}.Release|Any CPU.Build.0 = Release|Any CPU
		{20D9378A-28F5-4CB5-8D35-19F097CB02FD}.Debug|Any CPU.ActiveCfg = Debug|Any CPU
		{20D9378A-28F5-4CB5-8D35-19F097CB02FD}.Debug|Any CPU.Build.0 = Debug|Any CPU
		{20D9378A-28F5-4CB5-8D35-19F097CB02FD}.Release|Any CPU.ActiveCfg = Release|Any CPU
		{20D9378A-28F5-4CB5-8D35-19F097CB02FD}.Release|Any CPU.Build.0 = Release|Any CPU
		{68D74F5D-FAD4-4287-9C96-A55A82BD1C67}.Debug|Any CPU.ActiveCfg = Debug|Any CPU
		{68D74F5D-FAD4-4287-9C96-A55A82BD1C67}.Debug|Any CPU.Build.0 = Debug|Any CPU
		{68D74F5D-FAD4-4287-9C96-A55A82BD1C67}.Release|Any CPU.ActiveCfg = Release|Any CPU
		{68D74F5D-FAD4-4287-9C96-A55A82BD1C67}.Release|Any CPU.Build.0 = Release|Any CPU
		{FB899234-F87B-4C77-B2D5-A13102CF4520}.Debug|Any CPU.ActiveCfg = Debug|Any CPU
		{FB899234-F87B-4C77-B2D5-A13102CF4520}.Debug|Any CPU.Build.0 = Debug|Any CPU
		{FB899234-F87B-4C77-B2D5-A13102CF4520}.Release|Any CPU.ActiveCfg = Release|Any CPU
		{FB899234-F87B-4C77-B2D5-A13102CF4520}.Release|Any CPU.Build.0 = Release|Any CPU
		{F7E0A581-5C11-4879-BC3E-A646073B2B19}.Debug|Any CPU.ActiveCfg = Debug|Any CPU
		{F7E0A581-5C11-4879-BC3E-A646073B2B19}.Debug|Any CPU.Build.0 = Debug|Any CPU
		{F7E0A581-5C11-4879-BC3E-A646073B2B19}.Release|Any CPU.ActiveCfg = Release|Any CPU
		{F7E0A581-5C11-4879-BC3E-A646073B2B19}.Release|Any CPU.Build.0 = Release|Any CPU
		{E7223D49-3DC1-47CB-89C6-A24AC24B7B78}.Debug|Any CPU.ActiveCfg = Debug|Any CPU
		{E7223D49-3DC1-47CB-89C6-A24AC24B7B78}.Debug|Any CPU.Build.0 = Debug|Any CPU
		{E7223D49-3DC1-47CB-89C6-A24AC24B7B78}.Release|Any CPU.ActiveCfg = Release|Any CPU
		{E7223D49-3DC1-47CB-89C6-A24AC24B7B78}.Release|Any CPU.Build.0 = Release|Any CPU
		{61C74520-942A-44F9-9E26-8D67C26A71FA}.Debug|Any CPU.ActiveCfg = Debug|Any CPU
		{61C74520-942A-44F9-9E26-8D67C26A71FA}.Debug|Any CPU.Build.0 = Debug|Any CPU
		{61C74520-942A-44F9-9E26-8D67C26A71FA}.Release|Any CPU.ActiveCfg = Release|Any CPU
		{61C74520-942A-44F9-9E26-8D67C26A71FA}.Release|Any CPU.Build.0 = Release|Any CPU
		{BA2E5D8D-2741-40F3-A30A-EECE288E209F}.Debug|Any CPU.ActiveCfg = Debug|Any CPU
		{BA2E5D8D-2741-40F3-A30A-EECE288E209F}.Debug|Any CPU.Build.0 = Debug|Any CPU
		{BA2E5D8D-2741-40F3-A30A-EECE288E209F}.Release|Any CPU.ActiveCfg = Release|Any CPU
		{BA2E5D8D-2741-40F3-A30A-EECE288E209F}.Release|Any CPU.Build.0 = Release|Any CPU
		{694E62E5-93C1-4B72-A376-08B070BCD49C}.Debug|Any CPU.ActiveCfg = Debug|Any CPU
		{694E62E5-93C1-4B72-A376-08B070BCD49C}.Debug|Any CPU.Build.0 = Debug|Any CPU
		{694E62E5-93C1-4B72-A376-08B070BCD49C}.Release|Any CPU.ActiveCfg = Release|Any CPU
		{694E62E5-93C1-4B72-A376-08B070BCD49C}.Release|Any CPU.Build.0 = Release|Any CPU
		{2D8EC4E5-4359-4B61-A149-903DC10DE308}.Debug|Any CPU.ActiveCfg = Debug|Any CPU
		{2D8EC4E5-4359-4B61-A149-903DC10DE308}.Debug|Any CPU.Build.0 = Debug|Any CPU
		{2D8EC4E5-4359-4B61-A149-903DC10DE308}.Release|Any CPU.ActiveCfg = Release|Any CPU
		{2D8EC4E5-4359-4B61-A149-903DC10DE308}.Release|Any CPU.Build.0 = Release|Any CPU
		{BACC25C9-5D92-43A6-A482-DC9AF20F3802}.Debug|Any CPU.ActiveCfg = Debug|Any CPU
		{BACC25C9-5D92-43A6-A482-DC9AF20F3802}.Debug|Any CPU.Build.0 = Debug|Any CPU
		{BACC25C9-5D92-43A6-A482-DC9AF20F3802}.Release|Any CPU.ActiveCfg = Release|Any CPU
		{BACC25C9-5D92-43A6-A482-DC9AF20F3802}.Release|Any CPU.Build.0 = Release|Any CPU
		{A79B3956-D842-4523-8C80-9EA780B4F93F}.Debug|Any CPU.ActiveCfg = Debug|Any CPU
		{A79B3956-D842-4523-8C80-9EA780B4F93F}.Debug|Any CPU.Build.0 = Debug|Any CPU
		{A79B3956-D842-4523-8C80-9EA780B4F93F}.Release|Any CPU.ActiveCfg = Release|Any CPU
		{A79B3956-D842-4523-8C80-9EA780B4F93F}.Release|Any CPU.Build.0 = Release|Any CPU
		{5D0F23B5-7142-4B1E-9E48-3BB9168A099B}.Debug|Any CPU.ActiveCfg = Debug|Any CPU
		{5D0F23B5-7142-4B1E-9E48-3BB9168A099B}.Debug|Any CPU.Build.0 = Debug|Any CPU
		{5D0F23B5-7142-4B1E-9E48-3BB9168A099B}.Release|Any CPU.ActiveCfg = Release|Any CPU
		{5D0F23B5-7142-4B1E-9E48-3BB9168A099B}.Release|Any CPU.Build.0 = Release|Any CPU
		{6431710F-0A4C-4F7E-840B-92C1B7570CB7}.Debug|Any CPU.ActiveCfg = Debug|Any CPU
		{6431710F-0A4C-4F7E-840B-92C1B7570CB7}.Debug|Any CPU.Build.0 = Debug|Any CPU
		{6431710F-0A4C-4F7E-840B-92C1B7570CB7}.Release|Any CPU.ActiveCfg = Release|Any CPU
		{6431710F-0A4C-4F7E-840B-92C1B7570CB7}.Release|Any CPU.Build.0 = Release|Any CPU
	EndGlobalSection
	GlobalSection(SolutionProperties) = preSolution
		HideSolutionNode = FALSE
	EndGlobalSection
	GlobalSection(NestedProjects) = preSolution
		{DDBD5538-44A3-484D-8483-D4C8BDC1B2A0} = {3A0D47BE-9A96-4267-B9F9-93C51842B06F}
		{8ED0BBA1-8059-4200-9511-BB6F76A7468B} = {3A0D47BE-9A96-4267-B9F9-93C51842B06F}
		{651C10DE-1D98-4954-9EDC-0324E727071D} = {1D333CB5-6A38-4EFC-83C5-68EE16A0E710}
		{3A0D47BE-9A96-4267-B9F9-93C51842B06F} = {651C10DE-1D98-4954-9EDC-0324E727071D}
		{685A6ECF-EE73-4CC9-AE18-F405F33FDAFF} = {651C10DE-1D98-4954-9EDC-0324E727071D}
		{B1761525-F06F-43D3-B61E-3A6AA760B95D} = {1D333CB5-6A38-4EFC-83C5-68EE16A0E710}
		{802881EA-8FFE-4E90-AA9F-0C77B35E6CB9} = {1D333CB5-6A38-4EFC-83C5-68EE16A0E710}
		{4792916E-0DFF-43D2-A2D5-8E7A9FD4F8FE} = {802881EA-8FFE-4E90-AA9F-0C77B35E6CB9}
		{D3DC6267-5895-4A8F-8EF3-08E1CB02CF98} = {3A0D47BE-9A96-4267-B9F9-93C51842B06F}
		{A132C09A-8D1C-42FD-843F-A26BBC3D3055} = {802881EA-8FFE-4E90-AA9F-0C77B35E6CB9}
		{685634C9-7F2C-45A3-9F10-3788FE885935} = {3A0D47BE-9A96-4267-B9F9-93C51842B06F}
		{6C124076-C552-4FB4-A3DA-0703F08C97EF} = {685A6ECF-EE73-4CC9-AE18-F405F33FDAFF}
		{93D2813B-B8B5-4A8B-886D-82807EED80DA} = {685A6ECF-EE73-4CC9-AE18-F405F33FDAFF}
		{750FBCEE-F542-4677-B87A-BD085ABA67BA} = {685A6ECF-EE73-4CC9-AE18-F405F33FDAFF}
		{20D9378A-28F5-4CB5-8D35-19F097CB02FD} = {685A6ECF-EE73-4CC9-AE18-F405F33FDAFF}
		{68D74F5D-FAD4-4287-9C96-A55A82BD1C67} = {685A6ECF-EE73-4CC9-AE18-F405F33FDAFF}
		{FB899234-F87B-4C77-B2D5-A13102CF4520} = {3A0D47BE-9A96-4267-B9F9-93C51842B06F}
		{BD96B0CD-2043-416D-9782-C53F6E0EEAAF} = {651C10DE-1D98-4954-9EDC-0324E727071D}
		{F7E0A581-5C11-4879-BC3E-A646073B2B19} = {BD96B0CD-2043-416D-9782-C53F6E0EEAAF}
		{E7223D49-3DC1-47CB-89C6-A24AC24B7B78} = {BD96B0CD-2043-416D-9782-C53F6E0EEAAF}
		{61C74520-942A-44F9-9E26-8D67C26A71FA} = {BD96B0CD-2043-416D-9782-C53F6E0EEAAF}
		{BA2E5D8D-2741-40F3-A30A-EECE288E209F} = {802881EA-8FFE-4E90-AA9F-0C77B35E6CB9}
		{694E62E5-93C1-4B72-A376-08B070BCD49C} = {3A0D47BE-9A96-4267-B9F9-93C51842B06F}
		{2D8EC4E5-4359-4B61-A149-903DC10DE308} = {802881EA-8FFE-4E90-AA9F-0C77B35E6CB9}
		{BACC25C9-5D92-43A6-A482-DC9AF20F3802} = {3A0D47BE-9A96-4267-B9F9-93C51842B06F}
		{A79B3956-D842-4523-8C80-9EA780B4F93F} = {802881EA-8FFE-4E90-AA9F-0C77B35E6CB9}
		{5D0F23B5-7142-4B1E-9E48-3BB9168A099B} = {802881EA-8FFE-4E90-AA9F-0C77B35E6CB9}
		{EC5A3A26-3C8E-4076-BBCC-A7D6B76B5BE0} = {651C10DE-1D98-4954-9EDC-0324E727071D}
		{6431710F-0A4C-4F7E-840B-92C1B7570CB7} = {EC5A3A26-3C8E-4076-BBCC-A7D6B76B5BE0}
	EndGlobalSection
	GlobalSection(ExtensibilityGlobals) = postSolution
		SolutionGuid = {DA1CCAB7-CB0A-4B98-AEC7-EAF1C3506673}
	EndGlobalSection
EndGlobal
